// !$*UTF8*$!
{
	archiveVersion = 1;
	classes = {
	};
	objectVersion = 46;
	objects = {

/* Begin PBXBuildFile section */
		FC0C4D971A5A9B530037E2C2 /* main.m in Sources */ = {isa = PBXBuildFile; fileRef = FC0C4D961A5A9B530037E2C2 /* main.m */; };
		FC0C4D9A1A5A9B530037E2C2 /* AppDelegate.m in Sources */ = {isa = PBXBuildFile; fileRef = FC0C4D991A5A9B530037E2C2 /* AppDelegate.m */; };
		FC0C4D9D1A5A9B530037E2C2 /* ViewController.m in Sources */ = {isa = PBXBuildFile; fileRef = FC0C4D9C1A5A9B530037E2C2 /* ViewController.m */; };
		FC0C4DA01A5A9B530037E2C2 /* Main.storyboard in Resources */ = {isa = PBXBuildFile; fileRef = FC0C4D9E1A5A9B530037E2C2 /* Main.storyboard */; };
		FC0C4DA21A5A9B530037E2C2 /* Images.xcassets in Resources */ = {isa = PBXBuildFile; fileRef = FC0C4DA11A5A9B530037E2C2 /* Images.xcassets */; };
		FC0C4DA51A5A9B530037E2C2 /* LaunchScreen.xib in Resources */ = {isa = PBXBuildFile; fileRef = FC0C4DA31A5A9B530037E2C2 /* LaunchScreen.xib */; };
		FC0C4DB11A5A9B530037E2C2 /* MapDirectionTests.m in Sources */ = {isa = PBXBuildFile; fileRef = FC0C4DB01A5A9B530037E2C2 /* MapDirectionTests.m */; };
		FC0C4DBB1A5A9C800037E2C2 /* MapKit.framework in Frameworks */ = {isa = PBXBuildFile; fileRef = FC0C4DBA1A5A9C800037E2C2 /* MapKit.framework */; };
/* End PBXBuildFile section */

/* Begin PBXContainerItemProxy section */
		FC0C4DAB1A5A9B530037E2C2 /* PBXContainerItemProxy */ = {
			isa = PBXContainerItemProxy;
			containerPortal = FC0C4D891A5A9B530037E2C2 /* Project object */;
			proxyType = 1;
			remoteGlobalIDString = FC0C4D901A5A9B530037E2C2;
			remoteInfo = MapDirection;
		};
/* End PBXContainerItemProxy section */

/* Begin PBXFileReference section */
		FC0C4D911A5A9B530037E2C2 /* MapDirection.app */ = {isa = PBXFileReference; explicitFileType = wrapper.application; includeInIndex = 0; path = MapDirection.app; sourceTree = BUILT_PRODUCTS_DIR; };
		FC0C4D951A5A9B530037E2C2 /* Info.plist */ = {isa = PBXFileReference; lastKnownFileType = text.plist.xml; path = Info.plist; sourceTree = "<group>"; };
		FC0C4D961A5A9B530037E2C2 /* main.m */ = {isa = PBXFileReference; lastKnownFileType = sourcecode.c.objc; path = main.m; sourceTree = "<group>"; };
		FC0C4D981A5A9B530037E2C2 /* AppDelegate.h */ = {isa = PBXFileReference; lastKnownFileType = sourcecode.c.h; path = AppDelegate.h; sourceTree = "<group>"; };
		FC0C4D991A5A9B530037E2C2 /* AppDelegate.m */ = {isa = PBXFileReference; lastKnownFileType = sourcecode.c.objc; path = AppDelegate.m; sourceTree = "<group>"; };
		FC0C4D9B1A5A9B530037E2C2 /* ViewController.h */ = {isa = PBXFileReference; lastKnownFileType = sourcecode.c.h; path = ViewController.h; sourceTree = "<group>"; };
		FC0C4D9C1A5A9B530037E2C2 /* ViewController.m */ = {isa = PBXFileReference; lastKnownFileType = sourcecode.c.objc; path = ViewController.m; sourceTree = "<group>"; };
		FC0C4D9F1A5A9B530037E2C2 /* Base */ = {isa = PBXFileReference; lastKnownFileType = file.storyboard; name = Base; path = Base.lproj/Main.storyboard; sourceTree = "<group>"; };
		FC0C4DA11A5A9B530037E2C2 /* Images.xcassets */ = {isa = PBXFileReference; lastKnownFileType = folder.assetcatalog; path = Images.xcassets; sourceTree = "<group>"; };
		FC0C4DA41A5A9B530037E2C2 /* Base */ = {isa = PBXFileReference; lastKnownFileType = file.xib; name = Base; path = Base.lproj/LaunchScreen.xib; sourceTree = "<group>"; };
		FC0C4DAA1A5A9B530037E2C2 /* MapDirectionTests.xctest */ = {isa = PBXFileReference; explicitFileType = wrapper.cfbundle; includeInIndex = 0; path = MapDirectionTests.xctest; sourceTree = BUILT_PRODUCTS_DIR; };
		FC0C4DAF1A5A9B530037E2C2 /* Info.plist */ = {isa = PBXFileReference; lastKnownFileType = text.plist.xml; path = Info.plist; sourceTree = "<group>"; };
		FC0C4DB01A5A9B530037E2C2 /* MapDirectionTests.m */ = {isa = PBXFileReference; lastKnownFileType = sourcecode.c.objc; path = MapDirectionTests.m; sourceTree = "<group>"; };
		FC0C4DBA1A5A9C800037E2C2 /* MapKit.framework */ = {isa = PBXFileReference; lastKnownFileType = wrapper.framework; name = MapKit.framework; path = System/Library/Frameworks/MapKit.framework; sourceTree = SDKROOT; };
/* End PBXFileReference section */

/* Begin PBXFrameworksBuildPhase section */
		FC0C4D8E1A5A9B530037E2C2 /* Frameworks */ = {
			isa = PBXFrameworksBuildPhase;
			buildActionMask = 2147483647;
			files = (
				FC0C4DBB1A5A9C800037E2C2 /* MapKit.framework in Frameworks */,
			);
			runOnlyForDeploymentPostprocessing = 0;
		};
		FC0C4DA71A5A9B530037E2C2 /* Frameworks */ = {
			isa = PBXFrameworksBuildPhase;
			buildActionMask = 2147483647;
			files = (
			);
			runOnlyForDeploymentPostprocessing = 0;
		};
/* End PBXFrameworksBuildPhase section */

/* Begin PBXGroup section */
		FC0C4D881A5A9B530037E2C2 = {
			isa = PBXGroup;
			children = (
				FC0C4DBA1A5A9C800037E2C2 /* MapKit.framework */,
				FC0C4D931A5A9B530037E2C2 /* MapDirection */,
				FC0C4DAD1A5A9B530037E2C2 /* MapDirectionTests */,
				FC0C4D921A5A9B530037E2C2 /* Products */,
			);
			sourceTree = "<group>";
		};
		FC0C4D921A5A9B530037E2C2 /* Products */ = {
			isa = PBXGroup;
			children = (
				FC0C4D911A5A9B530037E2C2 /* MapDirection.app */,
				FC0C4DAA1A5A9B530037E2C2 /* MapDirectionTests.xctest */,
			);
			name = Products;
			sourceTree = "<group>";
		};
		FC0C4D931A5A9B530037E2C2 /* MapDirection */ = {
			isa = PBXGroup;
			children = (
				FC0C4D981A5A9B530037E2C2 /* AppDelegate.h */,
				FC0C4D991A5A9B530037E2C2 /* AppDelegate.m */,
				FC0C4D9B1A5A9B530037E2C2 /* ViewController.h */,
				FC0C4D9C1A5A9B530037E2C2 /* ViewController.m */,
				FC0C4D9E1A5A9B530037E2C2 /* Main.storyboard */,
				FC0C4DA11A5A9B530037E2C2 /* Images.xcassets */,
				FC0C4DA31A5A9B530037E2C2 /* LaunchScreen.xib */,
				FC0C4D941A5A9B530037E2C2 /* Supporting Files */,
			);
			path = MapDirection;
			sourceTree = "<group>";
		};
		FC0C4D941A5A9B530037E2C2 /* Supporting Files */ = {
			isa = PBXGroup;
			children = (
				FC0C4D951A5A9B530037E2C2 /* Info.plist */,
				FC0C4D961A5A9B530037E2C2 /* main.m */,
			);
			name = "Supporting Files";
			sourceTree = "<group>";
		};
		FC0C4DAD1A5A9B530037E2C2 /* MapDirectionTests */ = {
			isa = PBXGroup;
			children = (
				FC0C4DB01A5A9B530037E2C2 /* MapDirectionTests.m */,
				FC0C4DAE1A5A9B530037E2C2 /* Supporting Files */,
			);
			path = MapDirectionTests;
			sourceTree = "<group>";
		};
		FC0C4DAE1A5A9B530037E2C2 /* Supporting Files */ = {
			isa = PBXGroup;
			children = (
				FC0C4DAF1A5A9B530037E2C2 /* Info.plist */,
			);
			name = "Supporting Files";
			sourceTree = "<group>";
		};
/* End PBXGroup section */

/* Begin PBXNativeTarget section */
		FC0C4D901A5A9B530037E2C2 /* MapDirection */ = {
			isa = PBXNativeTarget;
			buildConfigurationList = FC0C4DB41A5A9B530037E2C2 /* Build configuration list for PBXNativeTarget "MapDirection" */;
			buildPhases = (
				FC0C4D8D1A5A9B530037E2C2 /* Sources */,
				FC0C4D8E1A5A9B530037E2C2 /* Frameworks */,
				FC0C4D8F1A5A9B530037E2C2 /* Resources */,
			);
			buildRules = (
			);
			dependencies = (
			);
			name = MapDirection;
			productName = MapDirection;
			productReference = FC0C4D911A5A9B530037E2C2 /* MapDirection.app */;
			productType = "com.apple.product-type.application";
		};
		FC0C4DA91A5A9B530037E2C2 /* MapDirectionTests */ = {
			isa = PBXNativeTarget;
			buildConfigurationList = FC0C4DB71A5A9B530037E2C2 /* Build configuration list for PBXNativeTarget "MapDirectionTests" */;
			buildPhases = (
				FC0C4DA61A5A9B530037E2C2 /* Sources */,
				FC0C4DA71A5A9B530037E2C2 /* Frameworks */,
				FC0C4DA81A5A9B530037E2C2 /* Resources */,
			);
			buildRules = (
			);
			dependencies = (
				FC0C4DAC1A5A9B530037E2C2 /* PBXTargetDependency */,
			);
			name = MapDirectionTests;
			productName = MapDirectionTests;
			productReference = FC0C4DAA1A5A9B530037E2C2 /* MapDirectionTests.xctest */;
			productType = "com.apple.product-type.bundle.unit-test";
		};
/* End PBXNativeTarget section */

/* Begin PBXProject section */
		FC0C4D891A5A9B530037E2C2 /* Project object */ = {
			isa = PBXProject;
			attributes = {
				LastUpgradeCheck = 0600;
				ORGANIZATIONNAME = "Market Simplified";
				TargetAttributes = {
					FC0C4D901A5A9B530037E2C2 = {
						CreatedOnToolsVersion = 6.0;
					};
					FC0C4DA91A5A9B530037E2C2 = {
						CreatedOnToolsVersion = 6.0;
						TestTargetID = FC0C4D901A5A9B530037E2C2;
					};
				};
			};
			buildConfigurationList = FC0C4D8C1A5A9B530037E2C2 /* Build configuration list for PBXProject "MapDirection" */;
			compatibilityVersion = "Xcode 3.2";
			developmentRegion = English;
			hasScannedForEncodings = 0;
			knownRegions = (
				en,
				Base,
			);
			mainGroup = FC0C4D881A5A9B530037E2C2;
			productRefGroup = FC0C4D921A5A9B530037E2C2 /* Products */;
			projectDirPath = "";
			projectRoot = "";
			targets = (
				FC0C4D901A5A9B530037E2C2 /* MapDirection */,
				FC0C4DA91A5A9B530037E2C2 /* MapDirectionTests */,
			);
		};
/* End PBXProject section */

/* Begin PBXResourcesBuildPhase section */
		FC0C4D8F1A5A9B530037E2C2 /* Resources */ = {
			isa = PBXResourcesBuildPhase;
			buildActionMask = 2147483647;
			files = (
				FC0C4DA01A5A9B530037E2C2 /* Main.storyboard in Resources */,
				FC0C4DA51A5A9B530037E2C2 /* LaunchScreen.xib in Resources */,
				FC0C4DA21A5A9B530037E2C2 /* Images.xcassets in Resources */,
			);
			runOnlyForDeploymentPostprocessing = 0;
		};
		FC0C4DA81A5A9B530037E2C2 /* Resources */ = {
			isa = PBXResourcesBuildPhase;
			buildActionMask = 2147483647;
			files = (
			);
			runOnlyForDeploymentPostprocessing = 0;
		};
/* End PBXResourcesBuildPhase section */

/* Begin PBXSourcesBuildPhase section */
		FC0C4D8D1A5A9B530037E2C2 /* Sources */ = {
			isa = PBXSourcesBuildPhase;
			buildActionMask = 2147483647;
			files = (
				FC0C4D9D1A5A9B530037E2C2 /* ViewController.m in Sources */,
				FC0C4D9A1A5A9B530037E2C2 /* AppDelegate.m in Sources */,
				FC0C4D971A5A9B530037E2C2 /* main.m in Sources */,
			);
			runOnlyForDeploymentPostprocessing = 0;
		};
		FC0C4DA61A5A9B530037E2C2 /* Sources */ = {
			isa = PBXSourcesBuildPhase;
			buildActionMask = 2147483647;
			files = (
				FC0C4DB11A5A9B530037E2C2 /* MapDirectionTests.m in Sources */,
			);
			runOnlyForDeploymentPostprocessing = 0;
		};
/* End PBXSourcesBuildPhase section */

/* Begin PBXTargetDependency section */
		FC0C4DAC1A5A9B530037E2C2 /* PBXTargetDependency */ = {
			isa = PBXTargetDependency;
			target = FC0C4D901A5A9B530037E2C2 /* MapDirection */;
			targetProxy = FC0C4DAB1A5A9B530037E2C2 /* PBXContainerItemProxy */;
		};
/* End PBXTargetDependency section */

/* Begin PBXVariantGroup section */
		FC0C4D9E1A5A9B530037E2C2 /* Main.storyboard */ = {
			isa = PBXVariantGroup;
			children = (
				FC0C4D9F1A5A9B530037E2C2 /* Base */,
			);
			name = Main.storyboard;
			sourceTree = "<group>";
		};
		FC0C4DA31A5A9B530037E2C2 /* LaunchScreen.xib */ = {
			isa = PBXVariantGroup;
			children = (
				FC0C4DA41A5A9B530037E2C2 /* Base */,
			);
			name = LaunchScreen.xib;
			sourceTree = "<group>";
		};
/* End PBXVariantGroup section */

/* Begin XCBuildConfiguration section */
		FC0C4DB21A5A9B530037E2C2 /* Debug */ = {
			isa = XCBuildConfiguration;
			buildSettings = {
				ALWAYS_SEARCH_USER_PATHS = NO;
				CLANG_CXX_LANGUAGE_STANDARD = "gnu++0x";
				CLANG_CXX_LIBRARY = "libc++";
				CLANG_ENABLE_MODULES = YES;
				CLANG_ENABLE_OBJC_ARC = YES;
				CLANG_WARN_BOOL_CONVERSION = YES;
				CLANG_WARN_CONSTANT_CONVERSION = YES;
				CLANG_WARN_DIRECT_OBJC_ISA_USAGE = YES_ERROR;
				CLANG_WARN_EMPTY_BODY = YES;
				CLANG_WARN_ENUM_CONVERSION = YES;
				CLANG_WARN_INT_CONVERSION = YES;
				CLANG_WARN_OBJC_ROOT_CLASS = YES_ERROR;
				CLANG_WARN_UNREACHABLE_CODE = YES;
				CLANG_WARN__DUPLICATE_METHOD_MATCH = YES;
				"CODE_SIGN_IDENTITY[sdk=iphoneos*]" = "iPhone Developer";
				COPY_PHASE_STRIP = NO;
				ENABLE_STRICT_OBJC_MSGSEND = YES;
				GCC_C_LANGUAGE_STANDARD = gnu99;
				GCC_DYNAMIC_NO_PIC = NO;
				GCC_OPTIMIZATION_LEVEL = 0;
				GCC_PREPROCESSOR_DEFINITIONS = (
					"DEBUG=1",
					"$(inherited)",
				);
				GCC_SYMBOLS_PRIVATE_EXTERN = NO;
				GCC_WARN_64_TO_32_BIT_CONVERSION = YES;
				GCC_WARN_ABOUT_RETURN_TYPE = YES_ERROR;
				GCC_WARN_UNDECLARED_SELECTOR = YES;
				GCC_WARN_UNINITIALIZED_AUTOS = YES_AGGRESSIVE;
				GCC_WARN_UNUSED_FUNCTION = YES;
				GCC_WARN_UNUSED_VARIABLE = YES;
				IPHONEOS_DEPLOYMENT_TARGET = 8.0;
				MTL_ENABLE_DEBUG_INFO = YES;
				ONLY_ACTIVE_ARCH = YES;
				SDKROOT = iphoneos;
			};
			name = Debug;
		};
		FC0C4DB31A5A9B530037E2C2 /* Release */ = {
			isa = XCBuildConfiguration;
			buildSettings = {
				ALWAYS_SEARCH_USER_PATHS = NO;
				CLANG_CXX_LANGUAGE_STANDARD = "gnu++0x";
				CLANG_CXX_LIBRARY = "libc++";
				CLANG_ENABLE_MODULES = YES;
				CLANG_ENABLE_OBJC_ARC = YES;
				CLANG_WARN_BOOL_CONVERSION = YES;
				CLANG_WARN_CONSTANT_CONVERSION = YES;
				CLANG_WARN_DIRECT_OBJC_ISA_USAGE = YES_ERROR;
				CLANG_WARN_EMPTY_BODY = YES;
				CLANG_WARN_ENUM_CONVERSION = YES;
				CLANG_WARN_INT_CONVERSION = YES;
				CLANG_WARN_OBJC_ROOT_CLASS = YES_ERROR;
				CLANG_WARN_UNREACHABLE_CODE = YES;
				CLANG_WARN__DUPLICATE_METHOD_MATCH = YES;
				"CODE_SIGN_IDENTITY[sdk=iphoneos*]" = "iPhone Developer";
				COPY_PHASE_STRIP = YES;
				ENABLE_NS_ASSERTIONS = NO;
				ENABLE_STRICT_OBJC_MSGSEND = YES;
				GCC_C_LANGUAGE_STANDARD = gnu99;
				GCC_WARN_64_TO_32_BIT_CONVERSION = YES;
				GCC_WARN_ABOUT_RETURN_TYPE = YES_ERROR;
				GCC_WARN_UNDECLARED_SELECTOR = YES;
				GCC_WARN_UNINITIALIZED_AUTOS = YES_AGGRESSIVE;
				GCC_WARN_UNUSED_FUNCTION = YES;
				GCC_WARN_UNUSED_VARIABLE = YES;
				IPHONEOS_DEPLOYMENT_TARGET = 8.0;
				MTL_ENABLE_DEBUG_INFO = NO;
				SDKROOT = iphoneos;
				VALIDATE_PRODUCT = YES;
			};
			name = Release;
		};
		FC0C4DB51A5A9B530037E2C2 /* Debug */ = {
			isa = XCBuildConfiguration;
			buildSettings = {
				ASSETCATALOG_COMPILER_APPICON_NAME = AppIcon;
				INFOPLIST_FILE = MapDirection/Info.plist;
				IPHONEOS_DEPLOYMENT_TARGET = 7.1;
				LD_RUNPATH_SEARCH_PATHS = "$(inherited) @executable_path/Frameworks";
				PRODUCT_NAME = "$(TARGET_NAME)";
			};
			name = Debug;
		};
		FC0C4DB61A5A9B530037E2C2 /* Release */ = {
			isa = XCBuildConfiguration;
			buildSettings = {
				ASSETCATALOG_COMPILER_APPICON_NAME = AppIcon;
				INFOPLIST_FILE = MapDirection/Info.plist;
				IPHONEOS_DEPLOYMENT_TARGET = 7.1;
				LD_RUNPATH_SEARCH_PATHS = "$(inherited) @executable_path/Frameworks";
				PRODUCT_NAME = "$(TARGET_NAME)";
			};
			name = Release;
		};
		FC0C4DB81A5A9B530037E2C2 /* Debug */ = {
			isa = XCBuildConfiguration;
			buildSettings = {
				BUNDLE_LOADER = "$(TEST_HOST)";
				FRAMEWORK_SEARCH_PATHS = (
					"$(SDKROOT)/Developer/Library/Frameworks",
					"$(inherited)",
				);
				GCC_PREPROCESSOR_DEFINITIONS = (
					"DEBUG=1",
					"$(inherited)",
				);
				INFOPLIST_FILE = MapDirectionTests/Info.plist;
				LD_RUNPATH_SEARCH_PATHS = "$(inherited) @executable_path/Frameworks @loader_path/Frameworks";
				PRODUCT_NAME = "$(TARGET_NAME)";
				TEST_HOST = "$(BUILT_PRODUCTS_DIR)/MapDirection.app/MapDirection";
			};
			name = Debug;
		};
		FC0C4DB91A5A9B530037E2C2 /* Release */ = {
			isa = XCBuildConfiguration;
			buildSettings = {
				BUNDLE_LOADER = "$(TEST_HOST)";
				FRAMEWORK_SEARCH_PATHS = (
					"$(SDKROOT)/Developer/Library/Frameworks",
					"$(inherited)",
				);
				INFOPLIST_FILE = MapDirectionTests/Info.plist;
				LD_RUNPATH_SEARCH_PATHS = "$(inherited) @executable_path/Frameworks @loader_path/Frameworks";
				PRODUCT_NAME = "$(TARGET_NAME)";
				TEST_HOST = "$(BUILT_PRODUCTS_DIR)/MapDirection.app/MapDirection";
			};
			name = Release;
		};
/* End XCBuildConfiguration section */

/* Begin XCConfigurationList section */
		FC0C4D8C1A5A9B530037E2C2 /* Build configuration list for PBXProject "MapDirection" */ = {
			isa = XCConfigurationList;
			buildConfigurations = (
				FC0C4DB21A5A9B530037E2C2 /* Debug */,
				FC0C4DB31A5A9B530037E2C2 /* Release */,
			);
			defaultConfigurationIsVisible = 0;
			defaultConfigurationName = Release;
		};
		FC0C4DB41A5A9B530037E2C2 /* Build configuration list for PBXNativeTarget "MapDirection" */ = {
			isa = XCConfigurationList;
			buildConfigurations = (
				FC0C4DB51A5A9B530037E2C2 /* Debug */,
				FC0C4DB61A5A9B530037E2C2 /* Release */,
			);
			defaultConfigurationIsVisible = 0;
		};
		FC0C4DB71A5A9B530037E2C2 /* Build configuration list for PBXNativeTarget "MapDirectionTests" */ = {
			isa = XCConfigurationList;
			buildConfigurations = (
				FC0C4DB81A5A9B530037E2C2 /* Debug */,
				FC0C4DB91A5A9B530037E2C2 /* Release */,
			);
			defaultConfigurationIsVisible = 0;
		};
/* End XCConfigurationList section */
	};
	rootObject = FC0C4D891A5A9B530037E2C2 /* Project object */;
}
